// !$*UTF8*$!
{
	archiveVersion = 1;
	classes = {
	};
	objectVersion = 46;
	objects = {

/* Begin PBXBuildFile section */
		5BBF728B1E67066D004865CF /* AppDelegate.swift in Sources */ = {isa = PBXBuildFile; fileRef = 5BBF728A1E67066D004865CF /* AppDelegate.swift */; };
		5BBF728D1E67066D004865CF /* ViewController.swift in Sources */ = {isa = PBXBuildFile; fileRef = 5BBF728C1E67066D004865CF /* ViewController.swift */; };
		5BBF728F1E67066E004865CF /* Assets.xcassets in Resources */ = {isa = PBXBuildFile; fileRef = 5BBF728E1E67066E004865CF /* Assets.xcassets */; };
		5BBF72921E67066E004865CF /* Main.storyboard in Resources */ = {isa = PBXBuildFile; fileRef = 5BBF72901E67066E004865CF /* Main.storyboard */; };
/* End PBXBuildFile section */

/* Begin PBXFileReference section */
		5BBF72871E67066D004865CF /* Screenbrightness.app */ = {isa = PBXFileReference; explicitFileType = wrapper.application; includeInIndex = 0; path = Screenbrightness.app; sourceTree = BUILT_PRODUCTS_DIR; };
		5BBF728A1E67066D004865CF /* AppDelegate.swift */ = {isa = PBXFileReference; lastKnownFileType = sourcecode.swift; path = AppDelegate.swift; sourceTree = "<group>"; };
		5BBF728C1E67066D004865CF /* ViewController.swift */ = {isa = PBXFileReference; lastKnownFileType = sourcecode.swift; path = ViewController.swift; sourceTree = "<group>"; };
		5BBF728E1E67066E004865CF /* Assets.xcassets */ = {isa = PBXFileReference; lastKnownFileType = folder.assetcatalog; path = Assets.xcassets; sourceTree = "<group>"; };
		5BBF72911E67066E004865CF /* Base */ = {isa = PBXFileReference; lastKnownFileType = file.storyboard; name = Base; path = Base.lproj/Main.storyboard; sourceTree = "<group>"; };
		5BBF72931E67066E004865CF /* Info.plist */ = {isa = PBXFileReference; lastKnownFileType = text.plist.xml; path = Info.plist; sourceTree = "<group>"; };
/* End PBXFileReference section */

/* Begin PBXFrameworksBuildPhase section */
		5BBF72841E67066D004865CF /* Frameworks */ = {
			isa = PBXFrameworksBuildPhase;
			buildActionMask = 2147483647;
			files = (
			);
			runOnlyForDeploymentPostprocessing = 0;
		};
/* End PBXFrameworksBuildPhase section */

/* Begin PBXGroup section */
		5BBF727E1E67066D004865CF = {
			isa = PBXGroup;
			children = (
				5BBF72891E67066D004865CF /* Screenbrightness */,
				5BBF72881E67066D004865CF /* Products */,
			);
			sourceTree = "<group>";
		};
		5BBF72881E67066D004865CF /* Products */ = {
			isa = PBXGroup;
			children = (
				5BBF72871E67066D004865CF /* Screenbrightness.app */,
			);
			name = Products;
			sourceTree = "<group>";
		};
		5BBF72891E67066D004865CF /* Screenbrightness */ = {
			isa = PBXGroup;
			children = (
				5BBF728A1E67066D004865CF /* AppDelegate.swift */,
				5BBF728C1E67066D004865CF /* ViewController.swift */,
				5BBF728E1E67066E004865CF /* Assets.xcassets */,
				5BBF72901E67066E004865CF /* Main.storyboard */,
				5BBF72931E67066E004865CF /* Info.plist */,
			);
			path = Screenbrightness;
			sourceTree = "<group>";
		};
/* End PBXGroup section */

/* Begin PBXNativeTarget section */
		5BBF72861E67066D004865CF /* Screenbrightness */ = {
			isa = PBXNativeTarget;
			buildConfigurationList = 5BBF72961E67066E004865CF /* Build configuration list for PBXNativeTarget "Screenbrightness" */;
			buildPhases = (
				5BBF72831E67066D004865CF /* Sources */,
				5BBF72841E67066D004865CF /* Frameworks */,
				5BBF72851E67066D004865CF /* Resources */,
			);
			buildRules = (
			);
			dependencies = (
			);
			name = Screenbrightness;
			productName = Screenbrightness;
			productReference = 5BBF72871E67066D004865CF /* Screenbrightness.app */;
			productType = "com.apple.product-type.application";
		};
/* End PBXNativeTarget section */

/* Begin PBXProject section */
		5BBF727F1E67066D004865CF /* Project object */ = {
			isa = PBXProject;
			attributes = {
				LastSwiftUpdateCheck = 0820;
				LastUpgradeCheck = 0820;
				ORGANIZATIONNAME = "Jaap Mengers";
				TargetAttributes = {
					5BBF72861E67066D004865CF = {
						CreatedOnToolsVersion = 8.2.1;
						DevelopmentTeam = 8J6VSUTQNX;
						ProvisioningStyle = Automatic;
					};
				};
			};
			buildConfigurationList = 5BBF72821E67066D004865CF /* Build configuration list for PBXProject "Screenbrightness" */;
			compatibilityVersion = "Xcode 3.2";
			developmentRegion = English;
			hasScannedForEncodings = 0;
			knownRegions = (
				en,
				Base,
			);
			mainGroup = 5BBF727E1E67066D004865CF;
			productRefGroup = 5BBF72881E67066D004865CF /* Products */;
			projectDirPath = "";
			projectRoot = "";
			targets = (
				5BBF72861E67066D004865CF /* Screenbrightness */,
			);
		};
/* End PBXProject section */

/* Begin PBXResourcesBuildPhase section */
		5BBF72851E67066D004865CF /* Resources */ = {
			isa = PBXResourcesBuildPhase;
			buildActionMask = 2147483647;
			files = (
				5BBF728F1E67066E004865CF /* Assets.xcassets in Resources */,
				5BBF72921E67066E004865CF /* Main.storyboard in Resources */,
			);
			runOnlyForDeploymentPostprocessing = 0;
		};
/* End PBXResourcesBuildPhase section */

/* Begin PBXSourcesBuildPhase section */
		5BBF72831E67066D004865CF /* Sources */ = {
			isa = PBXSourcesBuildPhase;
			buildActionMask = 2147483647;
			files = (
				5BBF728D1E67066D004865CF /* ViewController.swift in Sources */,
				5BBF728B1E67066D004865CF /* AppDelegate.swift in Sources */,
			);
			runOnlyForDeploymentPostprocessing = 0;
		};
/* End PBXSourcesBuildPhase section */

/* Begin PBXVariantGroup section */
		5BBF72901E67066E004865CF /* Main.storyboard */ = {
			isa = PBXVariantGroup;
			children = (
				5BBF72911E67066E004865CF /* Base */,
			);
			name = Main.storyboard;
			sourceTree = "<group>";
		};
/* End PBXVariantGroup section */

/* Begin XCBuildConfiguration section */
		5BBF72941E67066E004865CF /* Debug */ = {
			isa = XCBuildConfiguration;
			buildSettings = {
				ALWAYS_SEARCH_USER_PATHS = NO;
				CLANG_ANALYZER_NONNULL = YES;
				CLANG_CXX_LANGUAGE_STANDARD = "gnu++0x";
				CLANG_CXX_LIBRARY = "libc++";
				CLANG_ENABLE_MODULES = YES;
				CLANG_ENABLE_OBJC_ARC = YES;
				CLANG_WARN_BOOL_CONVERSION = YES;
				CLANG_WARN_CONSTANT_CONVERSION = YES;
				CLANG_WARN_DIRECT_OBJC_ISA_USAGE = YES_ERROR;
				CLANG_WARN_DOCUMENTATION_COMMENTS = YES;
				CLANG_WARN_EMPTY_BODY = YES;
				CLANG_WARN_ENUM_CONVERSION = YES;
				CLANG_WARN_INFINITE_RECURSION = YES;
				CLANG_WARN_INT_CONVERSION = YES;
				CLANG_WARN_OBJC_ROOT_CLASS = YES_ERROR;
				CLANG_WARN_SUSPICIOUS_MOVE = YES;
				CLANG_WARN_UNREACHABLE_CODE = YES;
				CLANG_WARN__DUPLICATE_METHOD_MATCH = YES;
				CODE_SIGN_IDENTITY = "-";
				COPY_PHASE_STRIP = NO;
				DEBUG_INFORMATION_FORMAT = dwarf;
				ENABLE_STRICT_OBJC_MSGSEND = YES;
				ENABLE_TESTABILITY = YES;
				GCC_C_LANGUAGE_STANDARD = gnu99;
				GCC_DYNAMIC_NO_PIC = NO;
				GCC_NO_COMMON_BLOCKS = YES;
				GCC_OPTIMIZATION_LEVEL = 0;
				GCC_PREPROCESSOR_DEFINITIONS = (
					"DEBUG=1",
					"$(inherited)",
				);
				GCC_WARN_64_TO_32_BIT_CONVERSION = YES;
				GCC_WARN_ABOUT_RETURN_TYPE = YES_ERROR;
				GCC_WARN_UNDECLARED_SELECTOR = YES;
				GCC_WARN_UNINITIALIZED_AUTOS = YES_AGGRESSIVE;
				GCC_WARN_UNUSED_FUNCTION = YES;
				GCC_WARN_UNUSED_VARIABLE = YES;
				MACOSX_DEPLOYMENT_TARGET = 10.12;
				MTL_ENABLE_DEBUG_INFO = YES;
				ONLY_ACTIVE_ARCH = YES;
				SDKROOT = macosx;
				SWIFT_ACTIVE_COMPILATION_CONDITIONS = DEBUG;
				SWIFT_OPTIMIZATION_LEVEL = "-Onone";
			};
			name = Debug;
		};
		5BBF72951E67066E004865CF /* Release */ = {
			isa = XCBuildConfiguration;
			buildSettings = {
				ALWAYS_SEARCH_USER_PATHS = NO;
				CLANG_ANALYZER_NONNULL = YES;
				CLANG_CXX_LANGUAGE_STANDARD = "gnu++0x";
				CLANG_CXX_LIBRARY = "libc++";
				CLANG_ENABLE_MODULES = YES;
				CLANG_ENABLE_OBJC_ARC = YES;
				CLANG_WARN_BOOL_CONVERSION = YES;
				CLANG_WARN_CONSTANT_CONVERSION = YES;
				CLANG_WARN_DIRECT_OBJC_ISA_USAGE = YES_ERROR;
				CLANG_WARN_DOCUMENTATION_COMMENTS = YES;
				CLANG_WARN_EMPTY_BODY = YES;
				CLANG_WARN_ENUM_CONVERSION = YES;
				CLANG_WARN_INFINITE_RECURSION = YES;
				CLANG_WARN_INT_CONVERSION = YES;
				CLANG_WARN_OBJC_ROOT_CLASS = YES_ERROR;
				CLANG_WARN_SUSPICIOUS_MOVE = YES;
				CLANG_WARN_UNREACHABLE_CODE = YES;
				CLANG_WARN__DUPLICATE_METHOD_MATCH = YES;
				CODE_SIGN_IDENTITY = "-";
				COPY_PHASE_STRIP = NO;
				DEBUG_INFORMATION_FORMAT = "dwarf-with-dsym";
				ENABLE_NS_ASSERTIONS = NO;
				ENABLE_STRICT_OBJC_MSGSEND = YES;
				GCC_C_LANGUAGE_STANDARD = gnu99;
				GCC_NO_COMMON_BLOCKS = YES;
				GCC_WARN_64_TO_32_BIT_CONVERSION = YES;
				GCC_WARN_ABOUT_RETURN_TYPE = YES_ERROR;
				GCC_WARN_UNDECLARED_SELECTOR = YES;
				GCC_WARN_UNINITIALIZED_AUTOS = YES_AGGRESSIVE;
				GCC_WARN_UNUSED_FUNCTION = YES;
				GCC_WARN_UNUSED_VARIABLE = YES;
				MACOSX_DEPLOYMENT_TARGET = 10.12;
				MTL_ENABLE_DEBUG_INFO = NO;
				SDKROOT = macosx;
				SWIFT_OPTIMIZATION_LEVEL = "-Owholemodule";
			};
			name = Release;
		};
		5BBF72971E67066E004865CF /* Debug */ = {
			isa = XCBuildConfiguration;
			buildSettings = {
				ASSETCATALOG_COMPILER_APPICON_NAME = AppIcon;
				COMBINE_HIDPI_IMAGES = YES;
				DEVELOPMENT_TEAM = 8J6VSUTQNX;
				INFOPLIST_FILE = Screenbrightness/Info.plist;
				LD_RUNPATH_SEARCH_PATHS = "$(inherited) @executable_path/../Frameworks";
				PRODUCT_BUNDLE_IDENTIFIER = jaap.mengers.Screenbrightness;
				PRODUCT_NAME = "$(TARGET_NAME)";
				SWIFT_VERSION = 3.0;
			};
			name = Debug;
		};
		5BBF72981E67066E004865CF /* Release */ = {
			isa = XCBuildConfiguration;
			buildSettings = {
				ASSETCATALOG_COMPILER_APPICON_NAME = AppIcon;
				COMBINE_HIDPI_IMAGES = YES;
				DEVELOPMENT_TEAM = 8J6VSUTQNX;
				INFOPLIST_FILE = Screenbrightness/Info.plist;
				LD_RUNPATH_SEARCH_PATHS = "$(inherited) @executable_path/../Frameworks";
				PRODUCT_BUNDLE_IDENTIFIER = jaap.mengers.Screenbrightness;
				PRODUCT_NAME = "$(TARGET_NAME)";
				SWIFT_VERSION = 3.0;
			};
			name = Release;
		};
/* End XCBuildConfiguration section */

/* Begin XCConfigurationList section */
		5BBF72821E67066D004865CF /* Build configuration list for PBXProject "Screenbrightness" */ = {
			isa = XCConfigurationList;
			buildConfigurations = (
				5BBF72941E67066E004865CF /* Debug */,
				5BBF72951E67066E004865CF /* Release */,
			);
			defaultConfigurationIsVisible = 0;
			defaultConfigurationName = Release;
		};
		5BBF72961E67066E004865CF /* Build configuration list for PBXNativeTarget "Screenbrightness" */ = {
			isa = XCConfigurationList;
			buildConfigurations = (
				5BBF72971E67066E004865CF /* Debug */,
				5BBF72981E67066E004865CF /* Release */,
			);
			defaultConfigurationIsVisible = 0;
		};
/* End XCConfigurationList section */
	};
	rootObject = 5BBF727F1E67066D004865CF /* Project object */;
}
